Microsoft Visual Studio Solution File, Format Version 12.00
# Visual Studio Version 17
VisualStudioVersion = 17.5.2.0
MinimumVisualStudioVersion = 10.0.40219.1
Project("{FAE04EC0-301F-11D3-BF4B-00C04F79EFBC}") = "EveLogiBro", "EveLogiBro.csproj", "{2EC493AF-4BC7-9A7E-F719-30F948DA48EF}"
EndProject
Global
	GlobalSection(SolutionConfigurationPlatforms) = preSolution
		Debug|Any CPU = Debug|Any CPU
		Release|Any CPU = Release|Any CPU
	EndGlobalSection
	GlobalSection(ProjectConfigurationPlatforms) = postSolution
		{2EC493AF-4BC7-9A7E-F719-30F948DA48EF}.Debug|Any CPU.ActiveCfg = Debug|Any CPU
		{2EC493AF-4BC7-9A7E-F719-30F948DA48EF}.Debug|Any CPU.Build.0 = Debug|Any CPU
		{2EC493AF-4BC7-9A7E-F719-30F948DA48EF}.Release|Any CPU.ActiveCfg = Release|Any CPU
		{2EC493AF-4BC7-9A7E-F719-30F948DA48EF}.Release|Any CPU.Build.0 = Release|Any CPU
	EndGlobalSection
	GlobalSection(SolutionProperties) = preSolution
		HideSolutionNode = FALSE
	EndGlobalSection
	GlobalSection(ExtensibilityGlobals) = postSolution
		SolutionGuid = {A0EA4B31-BEFB-4750-9F68-66EDD8F43F87}
	EndGlobalSection
EndGlobal
